
Microsoft Visual Studio Solution File, Format Version 12.00
# Visual Studio Version 16
VisualStudioVersion = 16.0.31911.196
MinimumVisualStudioVersion = 10.0.40219.1
Project("{FAE04EC0-301F-11D3-BF4B-00C04F79EFBC}") = "ContectMangementSystem", "ContectMangementSystem\ContectMangementSystem.csproj", "{CF63A145-2080-41AF-B0BC-97D338F01D33}"
EndProject
Global
	GlobalSection(SolutionConfigurationPlatforms) = preSolution
		Debug|Any CPU = Debug|Any CPU
		Release|Any CPU = Release|Any CPU
	EndGlobalSection
	GlobalSection(ProjectConfigurationPlatforms) = postSolution
		{CF63A145-2080-41AF-B0BC-97D338F01D33}.Debug|Any CPU.ActiveCfg = Debug|Any CPU
		{CF63A145-2080-41AF-B0BC-97D338F01D33}.Debug|Any CPU.Build.0 = Debug|Any CPU
		{CF63A145-2080-41AF-B0BC-97D338F01D33}.Release|Any CPU.ActiveCfg = Release|Any CPU
		{CF63A145-2080-41AF-B0BC-97D338F01D33}.Release|Any CPU.Build.0 = Release|Any CPU
	EndGlobalSection
	GlobalSection(SolutionProperties) = preSolution
		HideSolutionNode = FALSE
	EndGlobalSection
	GlobalSection(ExtensibilityGlobals) = postSolution
		SolutionGuid = {F13C9B90-EA80-4D4D-8C5D-E235892C68E1}
	EndGlobalSection
EndGlobal
